{
  "name": "dependabot-sample",
  "version": "1.0.0",
  "lockfileVersion": 1,
  "requires": true,
  "dependencies": {
    "@kintone/kintone-ui-component": {
      "version": "0.7.0",
      "resolved": "https://registry.npmjs.org/@kintone/kintone-ui-component/-/kintone-ui-component-0.7.0.tgz",
      "integrity": "sha512-ceWwfanuAoo//IMqnjz6q8hvG4lxu2vB7teGz18w94lYFDW4p4kPmjInZOEUFnkMkWW8W2D+gFX1v75PEjqfJQ==",
      "dev": true,
      "requires": {
        "@mdi/js": "3.6.95",
        "@mdi/light-js": "0.2.63"
      }
    },
    "@mdi/js": {
      "version": "3.6.95",
      "resolved": "https://registry.npmjs.org/@mdi/js/-/js-3.6.95.tgz",
      "integrity": "sha512-9ICUom79Gw28Q8Cp6CX0VBd/Zy7NtIZrNolqIoYoKeuQmROhJ+1U54cxTuaGYHx+z62FIdx98IL3buMFAKwA/A==",
      "dev": true
    },
    "@mdi/light-js": {
      "version": "0.2.63",
      "resolved": "https://registry.npmjs.org/@mdi/light-js/-/light-js-0.2.63.tgz",
      "integrity": "sha512-+SUtJIOxvEy6DiVq0wTRPIzVuoPB5fhnubmzaN7e2ew0v3/nvnpC4mqbGCjiTK0diVd3+zvhEQHZzPDErGb1fg==",
      "dev": true
    }
  }
}
